// !$*UTF8*$!
{
	archiveVersion = 1;
	classes = {
	};
	objectVersion = 46;
	objects = {

/* Begin PBXBuildFile section */
		6935DBA51858122E00B40AA2 /* Foundation.framework in Frameworks */ = {isa = PBXBuildFile; fileRef = 6935DBA41858122E00B40AA2 /* Foundation.framework */; };
		6935DBA71858122E00B40AA2 /* CoreGraphics.framework in Frameworks */ = {isa = PBXBuildFile; fileRef = 6935DBA61858122E00B40AA2 /* CoreGraphics.framework */; };
		6935DBA91858122E00B40AA2 /* UIKit.framework in Frameworks */ = {isa = PBXBuildFile; fileRef = 6935DBA81858122E00B40AA2 /* UIKit.framework */; };
		6935DBAF1858122E00B40AA2 /* InfoPlist.strings in Resources */ = {isa = PBXBuildFile; fileRef = 6935DBAD1858122E00B40AA2 /* InfoPlist.strings */; };
		6935DBB11858122E00B40AA2 /* main.m in Sources */ = {isa = PBXBuildFile; fileRef = 6935DBB01858122E00B40AA2 /* main.m */; };
		6935DBB51858122E00B40AA2 /* CardGameAppDelegate.m in Sources */ = {isa = PBXBuildFile; fileRef = 6935DBB41858122E00B40AA2 /* CardGameAppDelegate.m */; };
		6935DBB81858122E00B40AA2 /* Main.storyboard in Resources */ = {isa = PBXBuildFile; fileRef = 6935DBB61858122E00B40AA2 /* Main.storyboard */; };
		6935DBBB1858122E00B40AA2 /* CardGameViewController.m in Sources */ = {isa = PBXBuildFile; fileRef = 6935DBBA1858122E00B40AA2 /* CardGameViewController.m */; };
		6935DBBD1858122E00B40AA2 /* Images.xcassets in Resources */ = {isa = PBXBuildFile; fileRef = 6935DBBC1858122E00B40AA2 /* Images.xcassets */; };
		6935DBC41858122E00B40AA2 /* XCTest.framework in Frameworks */ = {isa = PBXBuildFile; fileRef = 6935DBC31858122E00B40AA2 /* XCTest.framework */; };
		6935DBC51858122E00B40AA2 /* Foundation.framework in Frameworks */ = {isa = PBXBuildFile; fileRef = 6935DBA41858122E00B40AA2 /* Foundation.framework */; };
		6935DBC61858122E00B40AA2 /* UIKit.framework in Frameworks */ = {isa = PBXBuildFile; fileRef = 6935DBA81858122E00B40AA2 /* UIKit.framework */; };
		6935DBCE1858122E00B40AA2 /* InfoPlist.strings in Resources */ = {isa = PBXBuildFile; fileRef = 6935DBCC1858122E00B40AA2 /* InfoPlist.strings */; };
		6935DBD01858122E00B40AA2 /* MatchismoTests.m in Sources */ = {isa = PBXBuildFile; fileRef = 6935DBCF1858122E00B40AA2 /* MatchismoTests.m */; };
/* End PBXBuildFile section */

/* Begin PBXContainerItemProxy section */
		6935DBC71858122E00B40AA2 /* PBXContainerItemProxy */ = {
			isa = PBXContainerItemProxy;
			containerPortal = 6935DB991858122E00B40AA2 /* Project object */;
			proxyType = 1;
			remoteGlobalIDString = 6935DBA01858122E00B40AA2;
			remoteInfo = Matchismo;
		};
/* End PBXContainerItemProxy section */

/* Begin PBXFileReference section */
		6935DBA11858122E00B40AA2 /* Matchismo.app */ = {isa = PBXFileReference; explicitFileType = wrapper.application; includeInIndex = 0; path = Matchismo.app; sourceTree = BUILT_PRODUCTS_DIR; };
		6935DBA41858122E00B40AA2 /* Foundation.framework */ = {isa = PBXFileReference; lastKnownFileType = wrapper.framework; name = Foundation.framework; path = System/Library/Frameworks/Foundation.framework; sourceTree = SDKROOT; };
		6935DBA61858122E00B40AA2 /* CoreGraphics.framework */ = {isa = PBXFileReference; lastKnownFileType = wrapper.framework; name = CoreGraphics.framework; path = System/Library/Frameworks/CoreGraphics.framework; sourceTree = SDKROOT; };
		6935DBA81858122E00B40AA2 /* UIKit.framework */ = {isa = PBXFileReference; lastKnownFileType = wrapper.framework; name = UIKit.framework; path = System/Library/Frameworks/UIKit.framework; sourceTree = SDKROOT; };
		6935DBAC1858122E00B40AA2 /* Matchismo-Info.plist */ = {isa = PBXFileReference; lastKnownFileType = text.plist.xml; path = "Matchismo-Info.plist"; sourceTree = "<group>"; };
		6935DBAE1858122E00B40AA2 /* en */ = {isa = PBXFileReference; lastKnownFileType = text.plist.strings; name = en; path = en.lproj/InfoPlist.strings; sourceTree = "<group>"; };
		6935DBB01858122E00B40AA2 /* main.m */ = {isa = PBXFileReference; lastKnownFileType = sourcecode.c.objc; path = main.m; sourceTree = "<group>"; };
		6935DBB21858122E00B40AA2 /* Matchismo-Prefix.pch */ = {isa = PBXFileReference; lastKnownFileType = sourcecode.c.h; path = "Matchismo-Prefix.pch"; sourceTree = "<group>"; };
		6935DBB31858122E00B40AA2 /* CardGameAppDelegate.h */ = {isa = PBXFileReference; lastKnownFileType = sourcecode.c.h; path = CardGameAppDelegate.h; sourceTree = "<group>"; };
		6935DBB41858122E00B40AA2 /* CardGameAppDelegate.m */ = {isa = PBXFileReference; lastKnownFileType = sourcecode.c.objc; path = CardGameAppDelegate.m; sourceTree = "<group>"; };
		6935DBB71858122E00B40AA2 /* Base */ = {isa = PBXFileReference; lastKnownFileType = file.storyboard; name = Base; path = Base.lproj/Main.storyboard; sourceTree = "<group>"; };
		6935DBB91858122E00B40AA2 /* CardGameViewController.h */ = {isa = PBXFileReference; lastKnownFileType = sourcecode.c.h; path = CardGameViewController.h; sourceTree = "<group>"; };
		6935DBBA1858122E00B40AA2 /* CardGameViewController.m */ = {isa = PBXFileReference; lastKnownFileType = sourcecode.c.objc; path = CardGameViewController.m; sourceTree = "<group>"; };
		6935DBBC1858122E00B40AA2 /* Images.xcassets */ = {isa = PBXFileReference; lastKnownFileType = folder.assetcatalog; path = Images.xcassets; sourceTree = "<group>"; };
		6935DBC21858122E00B40AA2 /* MatchismoTests.xctest */ = {isa = PBXFileReference; explicitFileType = wrapper.cfbundle; includeInIndex = 0; path = MatchismoTests.xctest; sourceTree = BUILT_PRODUCTS_DIR; };
		6935DBC31858122E00B40AA2 /* XCTest.framework */ = {isa = PBXFileReference; lastKnownFileType = wrapper.framework; name = XCTest.framework; path = Library/Frameworks/XCTest.framework; sourceTree = DEVELOPER_DIR; };
		6935DBCB1858122E00B40AA2 /* MatchismoTests-Info.plist */ = {isa = PBXFileReference; lastKnownFileType = text.plist.xml; path = "MatchismoTests-Info.plist"; sourceTree = "<group>"; };
		6935DBCD1858122E00B40AA2 /* en */ = {isa = PBXFileReference; lastKnownFileType = text.plist.strings; name = en; path = en.lproj/InfoPlist.strings; sourceTree = "<group>"; };
		6935DBCF1858122E00B40AA2 /* MatchismoTests.m */ = {isa = PBXFileReference; lastKnownFileType = sourcecode.c.objc; path = MatchismoTests.m; sourceTree = "<group>"; };
/* End PBXFileReference section */

/* Begin PBXFrameworksBuildPhase section */
		6935DB9E1858122E00B40AA2 /* Frameworks */ = {
			isa = PBXFrameworksBuildPhase;
			buildActionMask = 2147483647;
			files = (
				6935DBA71858122E00B40AA2 /* CoreGraphics.framework in Frameworks */,
				6935DBA91858122E00B40AA2 /* UIKit.framework in Frameworks */,
				6935DBA51858122E00B40AA2 /* Foundation.framework in Frameworks */,
			);
			runOnlyForDeploymentPostprocessing = 0;
		};
		6935DBBF1858122E00B40AA2 /* Frameworks */ = {
			isa = PBXFrameworksBuildPhase;
			buildActionMask = 2147483647;
			files = (
				6935DBC41858122E00B40AA2 /* XCTest.framework in Frameworks */,
				6935DBC61858122E00B40AA2 /* UIKit.framework in Frameworks */,
				6935DBC51858122E00B40AA2 /* Foundation.framework in Frameworks */,
			);
			runOnlyForDeploymentPostprocessing = 0;
		};
/* End PBXFrameworksBuildPhase section */

/* Begin PBXGroup section */
		6935DB981858122E00B40AA2 = {
			isa = PBXGroup;
			children = (
				6935DBAA1858122E00B40AA2 /* Matchismo */,
				6935DBC91858122E00B40AA2 /* MatchismoTests */,
				6935DBA31858122E00B40AA2 /* Frameworks */,
				6935DBA21858122E00B40AA2 /* Products */,
			);
			sourceTree = "<group>";
		};
		6935DBA21858122E00B40AA2 /* Products */ = {
			isa = PBXGroup;
			children = (
				6935DBA11858122E00B40AA2 /* Matchismo.app */,
				6935DBC21858122E00B40AA2 /* MatchismoTests.xctest */,
			);
			name = Products;
			sourceTree = "<group>";
		};
		6935DBA31858122E00B40AA2 /* Frameworks */ = {
			isa = PBXGroup;
			children = (
				6935DBA41858122E00B40AA2 /* Foundation.framework */,
				6935DBA61858122E00B40AA2 /* CoreGraphics.framework */,
				6935DBA81858122E00B40AA2 /* UIKit.framework */,
				6935DBC31858122E00B40AA2 /* XCTest.framework */,
			);
			name = Frameworks;
			sourceTree = "<group>";
		};
		6935DBAA1858122E00B40AA2 /* Matchismo */ = {
			isa = PBXGroup;
			children = (
				6935DBB31858122E00B40AA2 /* CardGameAppDelegate.h */,
				6935DBB41858122E00B40AA2 /* CardGameAppDelegate.m */,
				6935DBB61858122E00B40AA2 /* Main.storyboard */,
				6935DBB91858122E00B40AA2 /* CardGameViewController.h */,
				6935DBBA1858122E00B40AA2 /* CardGameViewController.m */,
				6935DBBC1858122E00B40AA2 /* Images.xcassets */,
				6935DBAB1858122E00B40AA2 /* Supporting Files */,
			);
			path = Matchismo;
			sourceTree = "<group>";
		};
		6935DBAB1858122E00B40AA2 /* Supporting Files */ = {
			isa = PBXGroup;
			children = (
				6935DBAC1858122E00B40AA2 /* Matchismo-Info.plist */,
				6935DBAD1858122E00B40AA2 /* InfoPlist.strings */,
				6935DBB01858122E00B40AA2 /* main.m */,
				6935DBB21858122E00B40AA2 /* Matchismo-Prefix.pch */,
			);
			name = "Supporting Files";
			sourceTree = "<group>";
		};
		6935DBC91858122E00B40AA2 /* MatchismoTests */ = {
			isa = PBXGroup;
			children = (
				6935DBCF1858122E00B40AA2 /* MatchismoTests.m */,
				6935DBCA1858122E00B40AA2 /* Supporting Files */,
			);
			path = MatchismoTests;
			sourceTree = "<group>";
		};
		6935DBCA1858122E00B40AA2 /* Supporting Files */ = {
			isa = PBXGroup;
			children = (
				6935DBCB1858122E00B40AA2 /* MatchismoTests-Info.plist */,
				6935DBCC1858122E00B40AA2 /* InfoPlist.strings */,
			);
			name = "Supporting Files";
			sourceTree = "<group>";
		};
/* End PBXGroup section */

/* Begin PBXNativeTarget section */
		6935DBA01858122E00B40AA2 /* Matchismo */ = {
			isa = PBXNativeTarget;
			buildConfigurationList = 6935DBD31858122E00B40AA2 /* Build configuration list for PBXNativeTarget "Matchismo" */;
			buildPhases = (
				6935DB9D1858122E00B40AA2 /* Sources */,
				6935DB9E1858122E00B40AA2 /* Frameworks */,
				6935DB9F1858122E00B40AA2 /* Resources */,
			);
			buildRules = (
			);
			dependencies = (
			);
			name = Matchismo;
			productName = Matchismo;
			productReference = 6935DBA11858122E00B40AA2 /* Matchismo.app */;
			productType = "com.apple.product-type.application";
		};
		6935DBC11858122E00B40AA2 /* MatchismoTests */ = {
			isa = PBXNativeTarget;
			buildConfigurationList = 6935DBD61858122E00B40AA2 /* Build configuration list for PBXNativeTarget "MatchismoTests" */;
			buildPhases = (
				6935DBBE1858122E00B40AA2 /* Sources */,
				6935DBBF1858122E00B40AA2 /* Frameworks */,
				6935DBC01858122E00B40AA2 /* Resources */,
			);
			buildRules = (
			);
			dependencies = (
				6935DBC81858122E00B40AA2 /* PBXTargetDependency */,
			);
			name = MatchismoTests;
			productName = MatchismoTests;
			productReference = 6935DBC21858122E00B40AA2 /* MatchismoTests.xctest */;
			productType = "com.apple.product-type.bundle.unit-test";
		};
/* End PBXNativeTarget section */

/* Begin PBXProject section */
		6935DB991858122E00B40AA2 /* Project object */ = {
			isa = PBXProject;
			attributes = {
				CLASSPREFIX = CardGame;
				LastUpgradeCheck = 0500;
				ORGANIZATIONNAME = "Bosco So";
				TargetAttributes = {
					6935DBC11858122E00B40AA2 = {
						TestTargetID = 6935DBA01858122E00B40AA2;
					};
				};
			};
			buildConfigurationList = 6935DB9C1858122E00B40AA2 /* Build configuration list for PBXProject "Matchismo" */;
			compatibilityVersion = "Xcode 3.2";
			developmentRegion = English;
			hasScannedForEncodings = 0;
			knownRegions = (
				en,
				Base,
			);
			mainGroup = 6935DB981858122E00B40AA2;
			productRefGroup = 6935DBA21858122E00B40AA2 /* Products */;
			projectDirPath = "";
			projectRoot = "";
			targets = (
				6935DBA01858122E00B40AA2 /* Matchismo */,
				6935DBC11858122E00B40AA2 /* MatchismoTests */,
			);
		};
/* End PBXProject section */

/* Begin PBXResourcesBuildPhase section */
		6935DB9F1858122E00B40AA2 /* Resources */ = {
			isa = PBXResourcesBuildPhase;
			buildActionMask = 2147483647;
			files = (
				6935DBBD1858122E00B40AA2 /* Images.xcassets in Resources */,
				6935DBAF1858122E00B40AA2 /* InfoPlist.strings in Resources */,
				6935DBB81858122E00B40AA2 /* Main.storyboard in Resources */,
			);
			runOnlyForDeploymentPostprocessing = 0;
		};
		6935DBC01858122E00B40AA2 /* Resources */ = {
			isa = PBXResourcesBuildPhase;
			buildActionMask = 2147483647;
			files = (
				6935DBCE1858122E00B40AA2 /* InfoPlist.strings in Resources */,
			);
			runOnlyForDeploymentPostprocessing = 0;
		};
/* End PBXResourcesBuildPhase section */

/* Begin PBXSourcesBuildPhase section */
		6935DB9D1858122E00B40AA2 /* Sources */ = {
			isa = PBXSourcesBuildPhase;
			buildActionMask = 2147483647;
			files = (
				6935DBB51858122E00B40AA2 /* CardGameAppDelegate.m in Sources */,
				6935DBBB1858122E00B40AA2 /* CardGameViewController.m in Sources */,
				6935DBB11858122E00B40AA2 /* main.m in Sources */,
			);
			runOnlyForDeploymentPostprocessing = 0;
		};
		6935DBBE1858122E00B40AA2 /* Sources */ = {
			isa = PBXSourcesBuildPhase;
			buildActionMask = 2147483647;
			files = (
				6935DBD01858122E00B40AA2 /* MatchismoTests.m in Sources */,
			);
			runOnlyForDeploymentPostprocessing = 0;
		};
/* End PBXSourcesBuildPhase section */

/* Begin PBXTargetDependency section */
		6935DBC81858122E00B40AA2 /* PBXTargetDependency */ = {
			isa = PBXTargetDependency;
			target = 6935DBA01858122E00B40AA2 /* Matchismo */;
			targetProxy = 6935DBC71858122E00B40AA2 /* PBXContainerItemProxy */;
		};
/* End PBXTargetDependency section */

/* Begin PBXVariantGroup section */
		6935DBAD1858122E00B40AA2 /* InfoPlist.strings */ = {
			isa = PBXVariantGroup;
			children = (
				6935DBAE1858122E00B40AA2 /* en */,
			);
			name = InfoPlist.strings;
			sourceTree = "<group>";
		};
		6935DBB61858122E00B40AA2 /* Main.storyboard */ = {
			isa = PBXVariantGroup;
			children = (
				6935DBB71858122E00B40AA2 /* Base */,
			);
			name = Main.storyboard;
			sourceTree = "<group>";
		};
		6935DBCC1858122E00B40AA2 /* InfoPlist.strings */ = {
			isa = PBXVariantGroup;
			children = (
				6935DBCD1858122E00B40AA2 /* en */,
			);
			name = InfoPlist.strings;
			sourceTree = "<group>";
		};
/* End PBXVariantGroup section */

/* Begin XCBuildConfiguration section */
		6935DBD11858122E00B40AA2 /* Debug */ = {
			isa = XCBuildConfiguration;
			buildSettings = {
				ALWAYS_SEARCH_USER_PATHS = NO;
				ARCHS = "$(ARCHS_STANDARD_INCLUDING_64_BIT)";
				CLANG_CXX_LANGUAGE_STANDARD = "gnu++0x";
				CLANG_CXX_LIBRARY = "libc++";
				CLANG_ENABLE_MODULES = YES;
				CLANG_ENABLE_OBJC_ARC = YES;
				CLANG_WARN_BOOL_CONVERSION = YES;
				CLANG_WARN_CONSTANT_CONVERSION = YES;
				CLANG_WARN_DIRECT_OBJC_ISA_USAGE = YES_ERROR;
				CLANG_WARN_EMPTY_BODY = YES;
				CLANG_WARN_ENUM_CONVERSION = YES;
				CLANG_WARN_INT_CONVERSION = YES;
				CLANG_WARN_OBJC_ROOT_CLASS = YES_ERROR;
				CLANG_WARN__DUPLICATE_METHOD_MATCH = YES;
				"CODE_SIGN_IDENTITY[sdk=iphoneos*]" = "iPhone Developer";
				COPY_PHASE_STRIP = NO;
				GCC_C_LANGUAGE_STANDARD = gnu99;
				GCC_DYNAMIC_NO_PIC = NO;
				GCC_OPTIMIZATION_LEVEL = 0;
				GCC_PREPROCESSOR_DEFINITIONS = (
					"DEBUG=1",
					"$(inherited)",
				);
				GCC_SYMBOLS_PRIVATE_EXTERN = NO;
				GCC_WARN_64_TO_32_BIT_CONVERSION = YES;
				GCC_WARN_ABOUT_RETURN_TYPE = YES_ERROR;
				GCC_WARN_UNDECLARED_SELECTOR = YES;
				GCC_WARN_UNINITIALIZED_AUTOS = YES;
				GCC_WARN_UNUSED_FUNCTION = YES;
				GCC_WARN_UNUSED_VARIABLE = YES;
				IPHONEOS_DEPLOYMENT_TARGET = 7.0;
				ONLY_ACTIVE_ARCH = YES;
				SDKROOT = iphoneos;
			};
			name = Debug;
		};
		6935DBD21858122E00B40AA2 /* Release */ = {
			isa = XCBuildConfiguration;
			buildSettings = {
				ALWAYS_SEARCH_USER_PATHS = NO;
				ARCHS = "$(ARCHS_STANDARD_INCLUDING_64_BIT)";
				CLANG_CXX_LANGUAGE_STANDARD = "gnu++0x";
				CLANG_CXX_LIBRARY = "libc++";
				CLANG_ENABLE_MODULES = YES;
				CLANG_ENABLE_OBJC_ARC = YES;
				CLANG_WARN_BOOL_CONVERSION = YES;
				CLANG_WARN_CONSTANT_CONVERSION = YES;
				CLANG_WARN_DIRECT_OBJC_ISA_USAGE = YES_ERROR;
				CLANG_WARN_EMPTY_BODY = YES;
				CLANG_WARN_ENUM_CONVERSION = YES;
				CLANG_WARN_INT_CONVERSION = YES;
				CLANG_WARN_OBJC_ROOT_CLASS = YES_ERROR;
				CLANG_WARN__DUPLICATE_METHOD_MATCH = YES;
				"CODE_SIGN_IDENTITY[sdk=iphoneos*]" = "iPhone Developer";
				COPY_PHASE_STRIP = YES;
				ENABLE_NS_ASSERTIONS = NO;
				GCC_C_LANGUAGE_STANDARD = gnu99;
				GCC_WARN_64_TO_32_BIT_CONVERSION = YES;
				GCC_WARN_ABOUT_RETURN_TYPE = YES_ERROR;
				GCC_WARN_UNDECLARED_SELECTOR = YES;
				GCC_WARN_UNINITIALIZED_AUTOS = YES;
				GCC_WARN_UNUSED_FUNCTION = YES;
				GCC_WARN_UNUSED_VARIABLE = YES;
				IPHONEOS_DEPLOYMENT_TARGET = 7.0;
				SDKROOT = iphoneos;
				VALIDATE_PRODUCT = YES;
			};
			name = Release;
		};
		6935DBD41858122E00B40AA2 /* Debug */ = {
			isa = XCBuildConfiguration;
			buildSettings = {
				ASSETCATALOG_COMPILER_APPICON_NAME = AppIcon;
				ASSETCATALOG_COMPILER_LAUNCHIMAGE_NAME = LaunchImage;
				GCC_PRECOMPILE_PREFIX_HEADER = YES;
				GCC_PREFIX_HEADER = "Matchismo/Matchismo-Prefix.pch";
				INFOPLIST_FILE = "Matchismo/Matchismo-Info.plist";
				PRODUCT_NAME = "$(TARGET_NAME)";
				WRAPPER_EXTENSION = app;
			};
			name = Debug;
		};
		6935DBD51858122E00B40AA2 /* Release */ = {
			isa = XCBuildConfiguration;
			buildSettings = {
				ASSETCATALOG_COMPILER_APPICON_NAME = AppIcon;
				ASSETCATALOG_COMPILER_LAUNCHIMAGE_NAME = LaunchImage;
				GCC_PRECOMPILE_PREFIX_HEADER = YES;
				GCC_PREFIX_HEADER = "Matchismo/Matchismo-Prefix.pch";
				INFOPLIST_FILE = "Matchismo/Matchismo-Info.plist";
				PRODUCT_NAME = "$(TARGET_NAME)";
				WRAPPER_EXTENSION = app;
			};
			name = Release;
		};
		6935DBD71858122E00B40AA2 /* Debug */ = {
			isa = XCBuildConfiguration;
			buildSettings = {
				ARCHS = "$(ARCHS_STANDARD_INCLUDING_64_BIT)";
				BUNDLE_LOADER = "$(BUILT_PRODUCTS_DIR)/Matchismo.app/Matchismo";
				FRAMEWORK_SEARCH_PATHS = (
					"$(SDKROOT)/Developer/Library/Frameworks",
					"$(inherited)",
					"$(DEVELOPER_FRAMEWORKS_DIR)",
				);
				GCC_PRECOMPILE_PREFIX_HEADER = YES;
				GCC_PREFIX_HEADER = "Matchismo/Matchismo-Prefix.pch";
				GCC_PREPROCESSOR_DEFINITIONS = (
					"DEBUG=1",
					"$(inherited)",
				);
				INFOPLIST_FILE = "MatchismoTests/MatchismoTests-Info.plist";
				PRODUCT_NAME = "$(TARGET_NAME)";
				TEST_HOST = "$(BUNDLE_LOADER)";
				WRAPPER_EXTENSION = xctest;
			};
			name = Debug;
		};
		6935DBD81858122E00B40AA2 /* Release */ = {
			isa = XCBuildConfiguration;
			buildSettings = {
				ARCHS = "$(ARCHS_STANDARD_INCLUDING_64_BIT)";
				BUNDLE_LOADER = "$(BUILT_PRODUCTS_DIR)/Matchismo.app/Matchismo";
				FRAMEWORK_SEARCH_PATHS = (
					"$(SDKROOT)/Developer/Library/Frameworks",
					"$(inherited)",
					"$(DEVELOPER_FRAMEWORKS_DIR)",
				);
				GCC_PRECOMPILE_PREFIX_HEADER = YES;
				GCC_PREFIX_HEADER = "Matchismo/Matchismo-Prefix.pch";
				INFOPLIST_FILE = "MatchismoTests/MatchismoTests-Info.plist";
				PRODUCT_NAME = "$(TARGET_NAME)";
				TEST_HOST = "$(BUNDLE_LOADER)";
				WRAPPER_EXTENSION = xctest;
			};
			name = Release;
		};
/* End XCBuildConfiguration section */

/* Begin XCConfigurationList section */
		6935DB9C1858122E00B40AA2 /* Build configuration list for PBXProject "Matchismo" */ = {
			isa = XCConfigurationList;
			buildConfigurations = (
				6935DBD11858122E00B40AA2 /* Debug */,
				6935DBD21858122E00B40AA2 /* Release */,
			);
			defaultConfigurationIsVisible = 0;
			defaultConfigurationName = Release;
		};
		6935DBD31858122E00B40AA2 /* Build configuration list for PBXNativeTarget "Matchismo" */ = {
			isa = XCConfigurationList;
			buildConfigurations = (
				6935DBD41858122E00B40AA2 /* Debug */,
				6935DBD51858122E00B40AA2 /* Release */,
			);
			defaultConfigurationIsVisible = 0;
		};
		6935DBD61858122E00B40AA2 /* Build configuration list for PBXNativeTarget "MatchismoTests" */ = {
			isa = XCConfigurationList;
			buildConfigurations = (
				6935DBD71858122E00B40AA2 /* Debug */,
				6935DBD81858122E00B40AA2 /* Release */,
			);
			defaultConfigurationIsVisible = 0;
		};
/* End XCConfigurationList section */
	};
	rootObject = 6935DB991858122E00B40AA2 /* Project object */;
}
